# This file is automatically @generated by Poetry 1.7.1 and should not be changed by hand.

[[package]]
name = "anyio"
version = "4.3.0"
description = "High level compatibility layer for multiple asynchronous event loop implementations"
optional = false
python-versions = ">=3.8"
files = [
    {file = "anyio-4.3.0-py3-none-any.whl", hash = "sha256:048e05d0f6caeed70d731f3db756d35dcc1f35747c8c403364a8332c630441b8"},
    {file = "anyio-4.3.0.tar.gz", hash = "sha256:f75253795a87df48568485fd18cdd2a3fa5c4f7c5be8e5e36637733fce06fed6"},
]

[package.dependencies]
idna = ">=2.8"
sniffio = ">=1.1"

[package.extras]
doc = ["Sphinx (>=7)", "packaging", "sphinx-autodoc-typehints (>=1.2.0)", "sphinx-rtd-theme"]
test = ["anyio[trio]", "coverage[toml] (>=7)", "exceptiongroup (>=1.2.0)", "hypothesis (>=4.0)", "psutil (>=5.9)", "pytest (>=7.0)", "pytest-mock (>=3.6.1)", "trustme", "uvloop (>=0.17)"]
trio = ["trio (>=0.23)"]

[[package]]
name = "asyncpg"
version = "0.29.0"
description = "An asyncio PostgreSQL driver"
optional = false
python-versions = ">=3.8.0"
files = [
    {file = "asyncpg-0.29.0-cp310-cp310-macosx_10_9_x86_64.whl", hash = "sha256:72fd0ef9f00aeed37179c62282a3d14262dbbafb74ec0ba16e1b1864d8a12169"},
    {file = "asyncpg-0.29.0-cp310-cp310-macosx_11_0_arm64.whl", hash = "sha256:52e8f8f9ff6e21f9b39ca9f8e3e33a5fcdceaf5667a8c5c32bee158e313be385"},
    {file = "asyncpg-0.29.0-cp310-cp310-manylinux_2_17_aarch64.manylinux2014_aarch64.whl", hash = "sha256:a9e6823a7012be8b68301342ba33b4740e5a166f6bbda0aee32bc01638491a22"},
    {file = "asyncpg-0.29.0-cp310-cp310-manylinux_2_17_x86_64.manylinux2014_x86_64.whl", hash = "sha256:746e80d83ad5d5464cfbf94315eb6744222ab00aa4e522b704322fb182b83610"},
    {file = "asyncpg-0.29.0-cp310-cp310-musllinux_1_1_aarch64.whl", hash = "sha256:ff8e8109cd6a46ff852a5e6bab8b0a047d7ea42fcb7ca5ae6eaae97d8eacf397"},
    {file = "asyncpg-0.29.0-cp310-cp310-musllinux_1_1_x86_64.whl", hash = "sha256:97eb024685b1d7e72b1972863de527c11ff87960837919dac6e34754768098eb"},
    {file = "asyncpg-0.29.0-cp310-cp310-win32.whl", hash = "sha256:5bbb7f2cafd8d1fa3e65431833de2642f4b2124be61a449fa064e1a08d27e449"},
    {file = "asyncpg-0.29.0-cp310-cp310-win_amd64.whl", hash = "sha256:76c3ac6530904838a4b650b2880f8e7af938ee049e769ec2fba7cd66469d7772"},
    {file = "asyncpg-0.29.0-cp311-cp311-macosx_10_9_x86_64.whl", hash = "sha256:d4900ee08e85af01adb207519bb4e14b1cae8fd21e0ccf80fac6aa60b6da37b4"},
    {file = "asyncpg-0.29.0-cp311-cp311-macosx_11_0_arm64.whl", hash = "sha256:a65c1dcd820d5aea7c7d82a3fdcb70e096f8f70d1a8bf93eb458e49bfad036ac"},
    {file = "asyncpg-0.29.0-cp311-cp311-manylinux_2_17_aarch64.manylinux2014_aarch64.whl", hash = "sha256:5b52e46f165585fd6af4863f268566668407c76b2c72d366bb8b522fa66f1870"},
    {file = "asyncpg-0.29.0-cp311-cp311-manylinux_2_17_x86_64.manylinux2014_x86_64.whl", hash = "sha256:dc600ee8ef3dd38b8d67421359779f8ccec30b463e7aec7ed481c8346decf99f"},
    {file = "asyncpg-0.29.0-cp311-cp311-musllinux_1_1_aarch64.whl", hash = "sha256:039a261af4f38f949095e1e780bae84a25ffe3e370175193174eb08d3cecab23"},
    {file = "asyncpg-0.29.0-cp311-cp311-musllinux_1_1_x86_64.whl", hash = "sha256:6feaf2d8f9138d190e5ec4390c1715c3e87b37715cd69b2c3dfca616134efd2b"},
    {file = "asyncpg-0.29.0-cp311-cp311-win32.whl", hash = "sha256:1e186427c88225ef730555f5fdda6c1812daa884064bfe6bc462fd3a71c4b675"},
    {file = "asyncpg-0.29.0-cp311-cp311-win_amd64.whl", hash = "sha256:cfe73ffae35f518cfd6e4e5f5abb2618ceb5ef02a2365ce64f132601000587d3"},
    {file = "asyncpg-0.29.0-cp312-cp312-macosx_10_9_x86_64.whl", hash = "sha256:6011b0dc29886ab424dc042bf9eeb507670a3b40aece3439944006aafe023178"},
    {file = "asyncpg-0.29.0-cp312-cp312-macosx_11_0_arm64.whl", hash = "sha256:b544ffc66b039d5ec5a7454667f855f7fec08e0dfaf5a5490dfafbb7abbd2cfb"},
    {file = "asyncpg-0.29.0-cp312-cp312-manylinux_2_17_aarch64.manylinux2014_aarch64.whl", hash = "sha256:d84156d5fb530b06c493f9e7635aa18f518fa1d1395ef240d211cb563c4e2364"},
    {file = "asyncpg-0.29.0-cp312-cp312-manylinux_2_17_x86_64.manylinux2014_x86_64.whl", hash = "sha256:54858bc25b49d1114178d65a88e48ad50cb2b6f3e475caa0f0c092d5f527c106"},
    {file = "asyncpg-0.29.0-cp312-cp312-musllinux_1_1_aarch64.whl", hash = "sha256:bde17a1861cf10d5afce80a36fca736a86769ab3579532c03e45f83ba8a09c59"},
    {file = "asyncpg-0.29.0-cp312-cp312-musllinux_1_1_x86_64.whl", hash = "sha256:37a2ec1b9ff88d8773d3eb6d3784dc7e3fee7756a5317b67f923172a4748a175"},
    {file = "asyncpg-0.29.0-cp312-cp312-win32.whl", hash = "sha256:bb1292d9fad43112a85e98ecdc2e051602bce97c199920586be83254d9dafc02"},
    {file = "asyncpg-0.29.0-cp312-cp312-win_amd64.whl", hash = "sha256:2245be8ec5047a605e0b454c894e54bf2ec787ac04b1cb7e0d3c67aa1e32f0fe"},
    {file = "asyncpg-0.29.0-cp38-cp38-macosx_10_9_x86_64.whl", hash = "sha256:0009a300cae37b8c525e5b449233d59cd9868fd35431abc470a3e364d2b85cb9"},
    {file = "asyncpg-0.29.0-cp38-cp38-macosx_11_0_arm64.whl", hash = "sha256:5cad1324dbb33f3ca0cd2074d5114354ed3be2b94d48ddfd88af75ebda7c43cc"},
    {file = "asyncpg-0.29.0-cp38-cp38-manylinux_2_17_aarch64.manylinux2014_aarch64.whl", hash = "sha256:012d01df61e009015944ac7543d6ee30c2dc1eb2f6b10b62a3f598beb6531548"},
    {file = "asyncpg-0.29.0-cp38-cp38-manylinux_2_17_x86_64.manylinux2014_x86_64.whl", hash = "sha256:000c996c53c04770798053e1730d34e30cb645ad95a63265aec82da9093d88e7"},
    {file = "asyncpg-0.29.0-cp38-cp38-musllinux_1_1_aarch64.whl", hash = "sha256:e0bfe9c4d3429706cf70d3249089de14d6a01192d617e9093a8e941fea8ee775"},
    {file = "asyncpg-0.29.0-cp38-cp38-musllinux_1_1_x86_64.whl", hash = "sha256:642a36eb41b6313ffa328e8a5c5c2b5bea6ee138546c9c3cf1bffaad8ee36dd9"},
    {file = "asyncpg-0.29.0-cp38-cp38-win32.whl", hash = "sha256:a921372bbd0aa3a5822dd0409da61b4cd50df89ae85150149f8c119f23e8c408"},
    {file = "asyncpg-0.29.0-cp38-cp38-win_amd64.whl", hash = "sha256:103aad2b92d1506700cbf51cd8bb5441e7e72e87a7b3a2ca4e32c840f051a6a3"},
    {file = "asyncpg-0.29.0-cp39-cp39-macosx_10_9_x86_64.whl", hash = "sha256:5340dd515d7e52f4c11ada32171d87c05570479dc01dc66d03ee3e150fb695da"},
    {file = "asyncpg-0.29.0-cp39-cp39-macosx_11_0_arm64.whl", hash = "sha256:e17b52c6cf83e170d3d865571ba574577ab8e533e7361a2b8ce6157d02c665d3"},
    {file = "asyncpg-0.29.0-cp39-cp39-manylinux_2_17_aarch64.manylinux2014_aarch64.whl", hash = "sha256:f100d23f273555f4b19b74a96840aa27b85e99ba4b1f18d4ebff0734e78dc090"},
    {file = "asyncpg-0.29.0-cp39-cp39-manylinux_2_17_x86_64.manylinux2014_x86_64.whl", hash = "sha256:48e7c58b516057126b363cec8ca02b804644fd012ef8e6c7e23386b7d5e6ce83"},
    {file = "asyncpg-0.29.0-cp39-cp39-musllinux_1_1_aarch64.whl", hash = "sha256:f9ea3f24eb4c49a615573724d88a48bd1b7821c890c2effe04f05382ed9e8810"},
    {file = "asyncpg-0.29.0-cp39-cp39-musllinux_1_1_x86_64.whl", hash = "sha256:8d36c7f14a22ec9e928f15f92a48207546ffe68bc412f3be718eedccdf10dc5c"},
    {file = "asyncpg-0.29.0-cp39-cp39-win32.whl", hash = "sha256:797ab8123ebaed304a1fad4d7576d5376c3a006a4100380fb9d517f0b59c1ab2"},
    {file = "asyncpg-0.29.0-cp39-cp39-win_amd64.whl", hash = "sha256:cce08a178858b426ae1aa8409b5cc171def45d4293626e7aa6510696d46decd8"},
    {file = "asyncpg-0.29.0.tar.gz", hash = "sha256:d1c49e1f44fffafd9a55e1a9b101590859d881d639ea2922516f5d9c512d354e"},
]

[package.extras]
docs = ["Sphinx (>=5.3.0,<5.4.0)", "sphinx-rtd-theme (>=1.2.2)", "sphinxcontrib-asyncio (>=0.3.0,<0.4.0)"]
test = ["flake8 (>=6.1,<7.0)", "uvloop (>=0.15.3)"]

[[package]]
name = "asyncpg-stubs"
version = "0.29.1"
description = "asyncpg stubs"
optional = false
python-versions = ">=3.8,<4.0"
files = [
    {file = "asyncpg_stubs-0.29.1-py3-none-any.whl", hash = "sha256:cce994d5a19394249e74ae8d252bde3c77cee0ddfc776cc708b724fdb4adebb6"},
    {file = "asyncpg_stubs-0.29.1.tar.gz", hash = "sha256:686afcc0af3a2f3c8e393cd850e0de430e5a139ce82b2f28ef8f693ecdf918bf"},
]

[package.dependencies]
asyncpg = ">=0.29,<0.30"
typing-extensions = ">=4.7.0,<5.0.0"

[[package]]
name = "click"
version = "8.1.7"
description = "Composable command line interface toolkit"
optional = false
python-versions = ">=3.7"
files = [
    {file = "click-8.1.7-py3-none-any.whl", hash = "sha256:ae74fb96c20a0277a1d615f1e4d73c8414f5a98db8b799a7931d1582f3390c28"},
    {file = "click-8.1.7.tar.gz", hash = "sha256:ca9853ad459e787e2192211578cc907e7594e294c7ccc834310722b41b9ca6de"},
]

[package.dependencies]
colorama = {version = "*", markers = "platform_system == \"Windows\""}

[[package]]
name = "colorama"
version = "0.4.6"
description = "Cross-platform colored terminal text."
optional = false
python-versions = "!=3.0.*,!=3.1.*,!=3.2.*,!=3.3.*,!=3.4.*,!=3.5.*,!=3.6.*,>=2.7"
files = [
    {file = "colorama-0.4.6-py2.py3-none-any.whl", hash = "sha256:4f1d9991f5acc0ca119f9d443620b77f9d6b33703e51011c16baf57afb285fc6"},
    {file = "colorama-0.4.6.tar.gz", hash = "sha256:08695f5cb7ed6e0531a20572697297273c47b8cae5a63ffc6d6ed5c201be6e44"},
]

[[package]]
name = "docopt"
version = "0.6.2"
description = "Pythonic argument parser, that will make you smile"
optional = false
python-versions = "*"
files = [
    {file = "docopt-0.6.2.tar.gz", hash = "sha256:49b3a825280bd66b3aa83585ef59c4a8c82f2c8a522dbe754a8bc8d08c85c491"},
]

[[package]]
name = "h11"
version = "0.14.0"
description = "A pure-Python, bring-your-own-I/O implementation of HTTP/1.1"
optional = false
python-versions = ">=3.7"
files = [
    {file = "h11-0.14.0-py3-none-any.whl", hash = "sha256:e3fe4ac4b851c468cc8363d500db52c2ead036020723024a109d37346efaa761"},
    {file = "h11-0.14.0.tar.gz", hash = "sha256:8f19fbbe99e72420ff35c00b27a34cb9937e902a8b810e2c88300c6f0a3b699d"},
]

[[package]]
name = "httptools"
version = "0.6.1"
description = "A collection of framework independent HTTP protocol utils."
optional = false
python-versions = ">=3.8.0"
files = [
    {file = "httptools-0.6.1-cp310-cp310-macosx_10_9_universal2.whl", hash = "sha256:d2f6c3c4cb1948d912538217838f6e9960bc4a521d7f9b323b3da579cd14532f"},
    {file = "httptools-0.6.1-cp310-cp310-macosx_10_9_x86_64.whl", hash = "sha256:00d5d4b68a717765b1fabfd9ca755bd12bf44105eeb806c03d1962acd9b8e563"},
    {file = "httptools-0.6.1-cp310-cp310-manylinux_2_17_aarch64.manylinux2014_aarch64.whl", hash = "sha256:639dc4f381a870c9ec860ce5c45921db50205a37cc3334e756269736ff0aac58"},
    {file = "httptools-0.6.1-cp310-cp310-manylinux_2_5_x86_64.manylinux1_x86_64.manylinux_2_17_x86_64.manylinux2014_x86_64.whl", hash = "sha256:e57997ac7fb7ee43140cc03664de5f268813a481dff6245e0075925adc6aa185"},
    {file = "httptools-0.6.1-cp310-cp310-musllinux_1_1_aarch64.whl", hash = "sha256:0ac5a0ae3d9f4fe004318d64b8a854edd85ab76cffbf7ef5e32920faef62f142"},
    {file = "httptools-0.6.1-cp310-cp310-musllinux_1_1_x86_64.whl", hash = "sha256:3f30d3ce413088a98b9db71c60a6ada2001a08945cb42dd65a9a9fe228627658"},
    {file = "httptools-0.6.1-cp310-cp310-win_amd64.whl", hash = "sha256:1ed99a373e327f0107cb513b61820102ee4f3675656a37a50083eda05dc9541b"},
    {file = "httptools-0.6.1-cp311-cp311-macosx_10_9_universal2.whl", hash = "sha256:7a7ea483c1a4485c71cb5f38be9db078f8b0e8b4c4dc0210f531cdd2ddac1ef1"},
    {file = "httptools-0.6.1-cp311-cp311-macosx_10_9_x86_64.whl", hash = "sha256:85ed077c995e942b6f1b07583e4eb0a8d324d418954fc6af913d36db7c05a5a0"},
    {file = "httptools-0.6.1-cp311-cp311-manylinux_2_17_aarch64.manylinux2014_aarch64.whl", hash = "sha256:8b0bb634338334385351a1600a73e558ce619af390c2b38386206ac6a27fecfc"},
    {file = "httptools-0.6.1-cp311-cp311-manylinux_2_5_x86_64.manylinux1_x86_64.manylinux_2_17_x86_64.manylinux2014_x86_64.whl", hash = "sha256:7d9ceb2c957320def533671fc9c715a80c47025139c8d1f3797477decbc6edd2"},
    {file = "httptools-0.6.1-cp311-cp311-musllinux_1_1_aarch64.whl", hash = "sha256:4f0f8271c0a4db459f9dc807acd0eadd4839934a4b9b892f6f160e94da309837"},
    {file = "httptools-0.6.1-cp311-cp311-musllinux_1_1_x86_64.whl", hash = "sha256:6a4f5ccead6d18ec072ac0b84420e95d27c1cdf5c9f1bc8fbd8daf86bd94f43d"},
    {file = "httptools-0.6.1-cp311-cp311-win_amd64.whl", hash = "sha256:5cceac09f164bcba55c0500a18fe3c47df29b62353198e4f37bbcc5d591172c3"},
    {file = "httptools-0.6.1-cp312-cp312-macosx_10_9_universal2.whl", hash = "sha256:75c8022dca7935cba14741a42744eee13ba05db00b27a4b940f0d646bd4d56d0"},
    {file = "httptools-0.6.1-cp312-cp312-macosx_10_9_x86_64.whl", hash = "sha256:48ed8129cd9a0d62cf4d1575fcf90fb37e3ff7d5654d3a5814eb3d55f36478c2"},
    {file = "httptools-0.6.1-cp312-cp312-manylinux_2_17_aarch64.manylinux2014_aarch64.whl", hash = "sha256:6f58e335a1402fb5a650e271e8c2d03cfa7cea46ae124649346d17bd30d59c90"},
    {file = "httptools-0.6.1-cp312-cp312-manylinux_2_5_x86_64.manylinux1_x86_64.manylinux_2_17_x86_64.manylinux2014_x86_64.whl", hash = "sha256:93ad80d7176aa5788902f207a4e79885f0576134695dfb0fefc15b7a4648d503"},
    {file = "httptools-0.6.1-cp312-cp312-musllinux_1_1_aarch64.whl", hash = "sha256:9bb68d3a085c2174c2477eb3ffe84ae9fb4fde8792edb7bcd09a1d8467e30a84"},
    {file = "httptools-0.6.1-cp312-cp312-musllinux_1_1_x86_64.whl", hash = "sha256:b512aa728bc02354e5ac086ce76c3ce635b62f5fbc32ab7082b5e582d27867bb"},
    {file = "httptools-0.6.1-cp312-cp312-win_amd64.whl", hash = "sha256:97662ce7fb196c785344d00d638fc9ad69e18ee4bfb4000b35a52efe5adcc949"},
    {file = "httptools-0.6.1-cp38-cp38-macosx_10_9_universal2.whl", hash = "sha256:8e216a038d2d52ea13fdd9b9c9c7459fb80d78302b257828285eca1c773b99b3"},
    {file = "httptools-0.6.1-cp38-cp38-macosx_10_9_x86_64.whl", hash = "sha256:3e802e0b2378ade99cd666b5bffb8b2a7cc8f3d28988685dc300469ea8dd86cb"},
    {file = "httptools-0.6.1-cp38-cp38-manylinux_2_17_aarch64.manylinux2014_aarch64.whl", hash = "sha256:4bd3e488b447046e386a30f07af05f9b38d3d368d1f7b4d8f7e10af85393db97"},
    {file = "httptools-0.6.1-cp38-cp38-manylinux_2_5_x86_64.manylinux1_x86_64.manylinux_2_17_x86_64.manylinux2014_x86_64.whl", hash = "sha256:fe467eb086d80217b7584e61313ebadc8d187a4d95bb62031b7bab4b205c3ba3"},
    {file = "httptools-0.6.1-cp38-cp38-musllinux_1_1_aarch64.whl", hash = "sha256:3c3b214ce057c54675b00108ac42bacf2ab8f85c58e3f324a4e963bbc46424f4"},
    {file = "httptools-0.6.1-cp38-cp38-musllinux_1_1_x86_64.whl", hash = "sha256:8ae5b97f690badd2ca27cbf668494ee1b6d34cf1c464271ef7bfa9ca6b83ffaf"},
    {file = "httptools-0.6.1-cp38-cp38-win_amd64.whl", hash = "sha256:405784577ba6540fa7d6ff49e37daf104e04f4b4ff2d1ac0469eaa6a20fde084"},
    {file = "httptools-0.6.1-cp39-cp39-macosx_10_9_universal2.whl", hash = "sha256:95fb92dd3649f9cb139e9c56604cc2d7c7bf0fc2e7c8d7fbd58f96e35eddd2a3"},
    {file = "httptools-0.6.1-cp39-cp39-macosx_10_9_x86_64.whl", hash = "sha256:dcbab042cc3ef272adc11220517278519adf8f53fd3056d0e68f0a6f891ba94e"},
    {file = "httptools-0.6.1-cp39-cp39-manylinux_2_17_aarch64.manylinux2014_aarch64.whl", hash = "sha256:0cf2372e98406efb42e93bfe10f2948e467edfd792b015f1b4ecd897903d3e8d"},
    {file = "httptools-0.6.1-cp39-cp39-manylinux_2_5_x86_64.manylinux1_x86_64.manylinux_2_17_x86_64.manylinux2014_x86_64.whl", hash = "sha256:678fcbae74477a17d103b7cae78b74800d795d702083867ce160fc202104d0da"},
    {file = "httptools-0.6.1-cp39-cp39-musllinux_1_1_aarch64.whl", hash = "sha256:e0b281cf5a125c35f7f6722b65d8542d2e57331be573e9e88bc8b0115c4a7a81"},
    {file = "httptools-0.6.1-cp39-cp39-musllinux_1_1_x86_64.whl", hash = "sha256:95658c342529bba4e1d3d2b1a874db16c7cca435e8827422154c9da76ac4e13a"},
    {file = "httptools-0.6.1-cp39-cp39-win_amd64.whl", hash = "sha256:7ebaec1bf683e4bf5e9fbb49b8cc36da482033596a415b3e4ebab5a4c0d7ec5e"},
    {file = "httptools-0.6.1.tar.gz", hash = "sha256:c6e26c30455600b95d94b1b836085138e82f177351454ee841c148f93a9bad5a"},
]

[package.extras]
test = ["Cython (>=0.29.24,<0.30.0)"]

[[package]]
name = "idna"
version = "3.6"
description = "Internationalized Domain Names in Applications (IDNA)"
optional = false
python-versions = ">=3.5"
files = [
    {file = "idna-3.6-py3-none-any.whl", hash = "sha256:c05567e9c24a6b9faaa835c4821bad0590fbb9d5779e7caa6e1cc4978e7eb24f"},
    {file = "idna-3.6.tar.gz", hash = "sha256:9ecdbbd083b06798ae1e86adcbfe8ab1479cf864e4ee30fe4e46a003d12491ca"},
]

[[package]]
name = "iniconfig"
version = "2.0.0"
description = "brain-dead simple config-ini parsing"
optional = false
python-versions = ">=3.7"
files = [
    {file = "iniconfig-2.0.0-py3-none-any.whl", hash = "sha256:b6a85871a79d2e3b22d2d1b94ac2824226a63c6b741c88f7ae975f18b6778374"},
    {file = "iniconfig-2.0.0.tar.gz", hash = "sha256:2d91e135bf72d31a410b17c16da610a82cb55f6b0477d1a902134b24a455b8b3"},
]

[[package]]
name = "orjson"
version = "3.9.15"
description = "Fast, correct Python JSON library supporting dataclasses, datetimes, and numpy"
optional = false
python-versions = ">=3.8"
files = [
    {file = "orjson-3.9.15-cp310-cp310-macosx_10_15_x86_64.macosx_11_0_arm64.macosx_10_15_universal2.whl", hash = "sha256:d61f7ce4727a9fa7680cd6f3986b0e2c732639f46a5e0156e550e35258aa313a"},
    {file = "orjson-3.9.15-cp310-cp310-manylinux_2_17_aarch64.manylinux2014_aarch64.whl", hash = "sha256:4feeb41882e8aa17634b589533baafdceb387e01e117b1ec65534ec724023d04"},
    {file = "orjson-3.9.15-cp310-cp310-manylinux_2_17_armv7l.manylinux2014_armv7l.whl", hash = "sha256:fbbeb3c9b2edb5fd044b2a070f127a0ac456ffd079cb82746fc84af01ef021a4"},
    {file = "orjson-3.9.15-cp310-cp310-manylinux_2_17_ppc64le.manylinux2014_ppc64le.whl", hash = "sha256:b66bcc5670e8a6b78f0313bcb74774c8291f6f8aeef10fe70e910b8040f3ab75"},
    {file = "orjson-3.9.15-cp310-cp310-manylinux_2_17_s390x.manylinux2014_s390x.whl", hash = "sha256:2973474811db7b35c30248d1129c64fd2bdf40d57d84beed2a9a379a6f57d0ab"},
    {file = "orjson-3.9.15-cp310-cp310-manylinux_2_17_x86_64.manylinux2014_x86_64.whl", hash = "sha256:9fe41b6f72f52d3da4db524c8653e46243c8c92df826ab5ffaece2dba9cccd58"},
    {file = "orjson-3.9.15-cp310-cp310-musllinux_1_2_aarch64.whl", hash = "sha256:4228aace81781cc9d05a3ec3a6d2673a1ad0d8725b4e915f1089803e9efd2b99"},
    {file = "orjson-3.9.15-cp310-cp310-musllinux_1_2_x86_64.whl", hash = "sha256:6f7b65bfaf69493c73423ce9db66cfe9138b2f9ef62897486417a8fcb0a92bfe"},
    {file = "orjson-3.9.15-cp310-none-win32.whl", hash = "sha256:2d99e3c4c13a7b0fb3792cc04c2829c9db07838fb6973e578b85c1745e7d0ce7"},
    {file = "orjson-3.9.15-cp310-none-win_amd64.whl", hash = "sha256:b725da33e6e58e4a5d27958568484aa766e825e93aa20c26c91168be58e08cbb"},
    {file = "orjson-3.9.15-cp311-cp311-macosx_10_15_x86_64.macosx_11_0_arm64.macosx_10_15_universal2.whl", hash = "sha256:c8e8fe01e435005d4421f183038fc70ca85d2c1e490f51fb972db92af6e047c2"},
    {file = "orjson-3.9.15-cp311-cp311-manylinux_2_17_aarch64.manylinux2014_aarch64.whl", hash = "sha256:87f1097acb569dde17f246faa268759a71a2cb8c96dd392cd25c668b104cad2f"},
    {file = "orjson-3.9.15-cp311-cp311-manylinux_2_17_armv7l.manylinux2014_armv7l.whl", hash = "sha256:ff0f9913d82e1d1fadbd976424c316fbc4d9c525c81d047bbdd16bd27dd98cfc"},
    {file = "orjson-3.9.15-cp311-cp311-manylinux_2_17_ppc64le.manylinux2014_ppc64le.whl", hash = "sha256:8055ec598605b0077e29652ccfe9372247474375e0e3f5775c91d9434e12d6b1"},
    {file = "orjson-3.9.15-cp311-cp311-manylinux_2_17_s390x.manylinux2014_s390x.whl", hash = "sha256:d6768a327ea1ba44c9114dba5fdda4a214bdb70129065cd0807eb5f010bfcbb5"},
    {file = "orjson-3.9.15-cp311-cp311-manylinux_2_17_x86_64.manylinux2014_x86_64.whl", hash = "sha256:12365576039b1a5a47df01aadb353b68223da413e2e7f98c02403061aad34bde"},
    {file = "orjson-3.9.15-cp311-cp311-musllinux_1_2_aarch64.whl", hash = "sha256:71c6b009d431b3839d7c14c3af86788b3cfac41e969e3e1c22f8a6ea13139404"},
    {file = "orjson-3.9.15-cp311-cp311-musllinux_1_2_x86_64.whl", hash = "sha256:e18668f1bd39e69b7fed19fa7cd1cd110a121ec25439328b5c89934e6d30d357"},
    {file = "orjson-3.9.15-cp311-none-win32.whl", hash = "sha256:62482873e0289cf7313461009bf62ac8b2e54bc6f00c6fabcde785709231a5d7"},
    {file = "orjson-3.9.15-cp311-none-win_amd64.whl", hash = "sha256:b3d336ed75d17c7b1af233a6561cf421dee41d9204aa3cfcc6c9c65cd5bb69a8"},
    {file = "orjson-3.9.15-cp312-cp312-macosx_10_15_x86_64.macosx_11_0_arm64.macosx_10_15_universal2.whl", hash = "sha256:82425dd5c7bd3adfe4e94c78e27e2fa02971750c2b7ffba648b0f5d5cc016a73"},
    {file = "orjson-3.9.15-cp312-cp312-manylinux_2_17_aarch64.manylinux2014_aarch64.whl", hash = "sha256:2c51378d4a8255b2e7c1e5cc430644f0939539deddfa77f6fac7b56a9784160a"},
    {file = "orjson-3.9.15-cp312-cp312-manylinux_2_17_armv7l.manylinux2014_armv7l.whl", hash = "sha256:6ae4e06be04dc00618247c4ae3f7c3e561d5bc19ab6941427f6d3722a0875ef7"},
    {file = "orjson-3.9.15-cp312-cp312-manylinux_2_17_ppc64le.manylinux2014_ppc64le.whl", hash = "sha256:bcef128f970bb63ecf9a65f7beafd9b55e3aaf0efc271a4154050fc15cdb386e"},
    {file = "orjson-3.9.15-cp312-cp312-manylinux_2_17_s390x.manylinux2014_s390x.whl", hash = "sha256:b72758f3ffc36ca566ba98a8e7f4f373b6c17c646ff8ad9b21ad10c29186f00d"},
    {file = "orjson-3.9.15-cp312-cp312-manylinux_2_17_x86_64.manylinux2014_x86_64.whl", hash = "sha256:10c57bc7b946cf2efa67ac55766e41764b66d40cbd9489041e637c1304400494"},
    {file = "orjson-3.9.15-cp312-cp312-musllinux_1_2_aarch64.whl", hash = "sha256:946c3a1ef25338e78107fba746f299f926db408d34553b4754e90a7de1d44068"},
    {file = "orjson-3.9.15-cp312-cp312-musllinux_1_2_x86_64.whl", hash = "sha256:2f256d03957075fcb5923410058982aea85455d035607486ccb847f095442bda"},
    {file = "orjson-3.9.15-cp312-none-win_amd64.whl", hash = "sha256:5bb399e1b49db120653a31463b4a7b27cf2fbfe60469546baf681d1b39f4edf2"},
    {file = "orjson-3.9.15-cp38-cp38-macosx_10_15_x86_64.macosx_11_0_arm64.macosx_10_15_universal2.whl", hash = "sha256:b17f0f14a9c0ba55ff6279a922d1932e24b13fc218a3e968ecdbf791b3682b25"},
    {file = "orjson-3.9.15-cp38-cp38-manylinux_2_17_aarch64.manylinux2014_aarch64.whl", hash = "sha256:7f6cbd8e6e446fb7e4ed5bac4661a29e43f38aeecbf60c4b900b825a353276a1"},
    {file = "orjson-3.9.15-cp38-cp38-manylinux_2_17_armv7l.manylinux2014_armv7l.whl", hash = "sha256:76bc6356d07c1d9f4b782813094d0caf1703b729d876ab6a676f3aaa9a47e37c"},
    {file = "orjson-3.9.15-cp38-cp38-manylinux_2_17_ppc64le.manylinux2014_ppc64le.whl", hash = "sha256:fdfa97090e2d6f73dced247a2f2d8004ac6449df6568f30e7fa1a045767c69a6"},
    {file = "orjson-3.9.15-cp38-cp38-manylinux_2_17_s390x.manylinux2014_s390x.whl", hash = "sha256:7413070a3e927e4207d00bd65f42d1b780fb0d32d7b1d951f6dc6ade318e1b5a"},
    {file = "orjson-3.9.15-cp38-cp38-manylinux_2_17_x86_64.manylinux2014_x86_64.whl", hash = "sha256:9cf1596680ac1f01839dba32d496136bdd5d8ffb858c280fa82bbfeb173bdd40"},
    {file = "orjson-3.9.15-cp38-cp38-musllinux_1_2_aarch64.whl", hash = "sha256:809d653c155e2cc4fd39ad69c08fdff7f4016c355ae4b88905219d3579e31eb7"},
    {file = "orjson-3.9.15-cp38-cp38-musllinux_1_2_x86_64.whl", hash = "sha256:920fa5a0c5175ab14b9c78f6f820b75804fb4984423ee4c4f1e6d748f8b22bc1"},
    {file = "orjson-3.9.15-cp38-none-win32.whl", hash = "sha256:2b5c0f532905e60cf22a511120e3719b85d9c25d0e1c2a8abb20c4dede3b05a5"},
    {file = "orjson-3.9.15-cp38-none-win_amd64.whl", hash = "sha256:67384f588f7f8daf040114337d34a5188346e3fae6c38b6a19a2fe8c663a2f9b"},
    {file = "orjson-3.9.15-cp39-cp39-macosx_10_15_x86_64.macosx_11_0_arm64.macosx_10_15_universal2.whl", hash = "sha256:6fc2fe4647927070df3d93f561d7e588a38865ea0040027662e3e541d592811e"},
    {file = "orjson-3.9.15-cp39-cp39-manylinux_2_17_aarch64.manylinux2014_aarch64.whl", hash = "sha256:34cbcd216e7af5270f2ffa63a963346845eb71e174ea530867b7443892d77180"},
    {file = "orjson-3.9.15-cp39-cp39-manylinux_2_17_armv7l.manylinux2014_armv7l.whl", hash = "sha256:f541587f5c558abd93cb0de491ce99a9ef8d1ae29dd6ab4dbb5a13281ae04cbd"},
    {file = "orjson-3.9.15-cp39-cp39-manylinux_2_17_ppc64le.manylinux2014_ppc64le.whl", hash = "sha256:92255879280ef9c3c0bcb327c5a1b8ed694c290d61a6a532458264f887f052cb"},
    {file = "orjson-3.9.15-cp39-cp39-manylinux_2_17_s390x.manylinux2014_s390x.whl", hash = "sha256:05a1f57fb601c426635fcae9ddbe90dfc1ed42245eb4c75e4960440cac667262"},
    {file = "orjson-3.9.15-cp39-cp39-manylinux_2_17_x86_64.manylinux2014_x86_64.whl", hash = "sha256:ede0bde16cc6e9b96633df1631fbcd66491d1063667f260a4f2386a098393790"},
    {file = "orjson-3.9.15-cp39-cp39-musllinux_1_2_aarch64.whl", hash = "sha256:e88b97ef13910e5f87bcbc4dd7979a7de9ba8702b54d3204ac587e83639c0c2b"},
    {file = "orjson-3.9.15-cp39-cp39-musllinux_1_2_x86_64.whl", hash = "sha256:57d5d8cf9c27f7ef6bc56a5925c7fbc76b61288ab674eb352c26ac780caa5b10"},
    {file = "orjson-3.9.15-cp39-none-win32.whl", hash = "sha256:001f4eb0ecd8e9ebd295722d0cbedf0748680fb9998d3993abaed2f40587257a"},
    {file = "orjson-3.9.15-cp39-none-win_amd64.whl", hash = "sha256:ea0b183a5fe6b2b45f3b854b0d19c4e932d6f5934ae1f723b07cf9560edd4ec7"},
    {file = "orjson-3.9.15.tar.gz", hash = "sha256:95cae920959d772f30ab36d3b25f83bb0f3be671e986c72ce22f8fa700dae061"},
]

[[package]]
name = "packaging"
version = "23.2"
description = "Core utilities for Python packages"
optional = false
python-versions = ">=3.7"
files = [
    {file = "packaging-23.2-py3-none-any.whl", hash = "sha256:8c491190033a9af7e1d931d0b5dacc2ef47509b34dd0de67ed209b5203fc88c7"},
    {file = "packaging-23.2.tar.gz", hash = "sha256:048fb0e9405036518eaaf48a55953c750c11e1a1b68e0dd1a9d62ed0c092cfc5"},
]

[[package]]
name = "pluggy"
version = "1.4.0"
description = "plugin and hook calling mechanisms for python"
optional = false
python-versions = ">=3.8"
files = [
    {file = "pluggy-1.4.0-py3-none-any.whl", hash = "sha256:7db9f7b503d67d1c5b95f59773ebb58a8c1c288129a88665838012cfb07b8981"},
    {file = "pluggy-1.4.0.tar.gz", hash = "sha256:8c85c2876142a764e5b7548e7d9a0e0ddb46f5185161049a79b7e974454223be"},
]

[package.extras]
dev = ["pre-commit", "tox"]
testing = ["pytest", "pytest-benchmark"]

[[package]]
name = "pytest"
version = "8.0.2"
description = "pytest: simple powerful testing with Python"
optional = false
python-versions = ">=3.8"
files = [
    {file = "pytest-8.0.2-py3-none-any.whl", hash = "sha256:edfaaef32ce5172d5466b5127b42e0d6d35ebbe4453f0e3505d96afd93f6b096"},
    {file = "pytest-8.0.2.tar.gz", hash = "sha256:d4051d623a2e0b7e51960ba963193b09ce6daeb9759a451844a21e4ddedfc1bd"},
]

[package.dependencies]
colorama = {version = "*", markers = "sys_platform == \"win32\""}
iniconfig = "*"
packaging = "*"
pluggy = ">=1.3.0,<2.0"

[package.extras]
testing = ["argcomplete", "attrs (>=19.2.0)", "hypothesis (>=3.56)", "mock", "nose", "pygments (>=2.7.2)", "requests", "setuptools", "xmlschema"]

[[package]]
name = "pytest-sugar"
version = "1.0.0"
description = "pytest-sugar is a plugin for pytest that changes the default look and feel of pytest (e.g. progressbar, show tests that fail instantly)."
optional = false
python-versions = "*"
files = [
    {file = "pytest-sugar-1.0.0.tar.gz", hash = "sha256:6422e83258f5b0c04ce7c632176c7732cab5fdb909cb39cca5c9139f81276c0a"},
    {file = "pytest_sugar-1.0.0-py3-none-any.whl", hash = "sha256:70ebcd8fc5795dc457ff8b69d266a4e2e8a74ae0c3edc749381c64b5246c8dfd"},
]

[package.dependencies]
packaging = ">=21.3"
pytest = ">=6.2.0"
termcolor = ">=2.1.0"

[package.extras]
dev = ["black", "flake8", "pre-commit"]

[[package]]
name = "pytest-watch"
version = "4.2.0"
description = "Local continuous test runner with pytest and watchdog."
optional = false
python-versions = "*"
files = [
    {file = "pytest-watch-4.2.0.tar.gz", hash = "sha256:06136f03d5b361718b8d0d234042f7b2f203910d8568f63df2f866b547b3d4b9"},
]

[package.dependencies]
colorama = ">=0.3.3"
docopt = ">=0.4.0"
pytest = ">=2.6.4"
watchdog = ">=0.6.0"

[[package]]
name = "returns"
version = "0.1.0"
description = ""
optional = false
python-versions = "^3.12"
files = []
develop = false

[package.source]
type = "git"
url = "https://github.com/wosteimer/returns"
reference = "HEAD"
resolved_reference = "79918d3d6daa2bd641dd8d504c86ddf183e94462"

[[package]]
name = "sniffio"
version = "1.3.1"
description = "Sniff out which async library your code is running under"
optional = false
python-versions = ">=3.7"
files = [
    {file = "sniffio-1.3.1-py3-none-any.whl", hash = "sha256:2f6da418d1f1e0fddd844478f41680e794e6051915791a034ff65e5f100525a2"},
    {file = "sniffio-1.3.1.tar.gz", hash = "sha256:f4324edc670a0f49750a81b895f35c3adb843cca46f0530f79fc1babb23789dc"},
]

[[package]]
name = "starlette"
version = "0.37.1"
description = "The little ASGI library that shines."
optional = false
python-versions = ">=3.8"
files = [
    {file = "starlette-0.37.1-py3-none-any.whl", hash = "sha256:92a816002d4e8c552477b089520e3085bb632e854eb32cef99acb6f6f7830b69"},
    {file = "starlette-0.37.1.tar.gz", hash = "sha256:345cfd562236b557e76a045715ac66fdc355a1e7e617b087834a76a87dcc6533"},
]

[package.dependencies]
anyio = ">=3.4.0,<5"

[package.extras]
full = ["httpx (>=0.22.0)", "itsdangerous", "jinja2", "python-multipart (>=0.0.7)", "pyyaml"]

[[package]]
name = "termcolor"
version = "2.4.0"
description = "ANSI color formatting for output in terminal"
optional = false
python-versions = ">=3.8"
files = [
    {file = "termcolor-2.4.0-py3-none-any.whl", hash = "sha256:9297c0df9c99445c2412e832e882a7884038a25617c60cea2ad69488d4040d63"},
    {file = "termcolor-2.4.0.tar.gz", hash = "sha256:aab9e56047c8ac41ed798fa36d892a37aca6b3e9159f3e0c24bc64a9b3ac7b7a"},
]

[package.extras]
tests = ["pytest", "pytest-cov"]

[[package]]
name = "typing-extensions"
version = "4.10.0"
description = "Backported and Experimental Type Hints for Python 3.8+"
optional = false
python-versions = ">=3.8"
files = [
    {file = "typing_extensions-4.10.0-py3-none-any.whl", hash = "sha256:69b1a937c3a517342112fb4c6df7e72fc39a38e7891a5730ed4985b5214b5475"},
    {file = "typing_extensions-4.10.0.tar.gz", hash = "sha256:b0abd7c89e8fb96f98db18d86106ff1d90ab692004eb746cf6eda2682f91b3cb"},
]

[[package]]
name = "uvicorn"
version = "0.27.1"
description = "The lightning-fast ASGI server."
optional = false
python-versions = ">=3.8"
files = [
    {file = "uvicorn-0.27.1-py3-none-any.whl", hash = "sha256:5c89da2f3895767472a35556e539fd59f7edbe9b1e9c0e1c99eebeadc61838e4"},
    {file = "uvicorn-0.27.1.tar.gz", hash = "sha256:3d9a267296243532db80c83a959a3400502165ade2c1338dea4e67915fd4745a"},
]

[package.dependencies]
click = ">=7.0"
h11 = ">=0.8"

[package.extras]
standard = ["colorama (>=0.4)", "httptools (>=0.5.0)", "python-dotenv (>=0.13)", "pyyaml (>=5.1)", "uvloop (>=0.14.0,!=0.15.0,!=0.15.1)", "watchfiles (>=0.13)", "websockets (>=10.4)"]

[[package]]
name = "uvloop"
version = "0.19.0"
description = "Fast implementation of asyncio event loop on top of libuv"
optional = false
python-versions = ">=3.8.0"
files = [
    {file = "uvloop-0.19.0-cp310-cp310-macosx_10_9_universal2.whl", hash = "sha256:de4313d7f575474c8f5a12e163f6d89c0a878bc49219641d49e6f1444369a90e"},
    {file = "uvloop-0.19.0-cp310-cp310-macosx_10_9_x86_64.whl", hash = "sha256:5588bd21cf1fcf06bded085f37e43ce0e00424197e7c10e77afd4bbefffef428"},
    {file = "uvloop-0.19.0-cp310-cp310-manylinux_2_17_aarch64.manylinux2014_aarch64.whl", hash = "sha256:7b1fd71c3843327f3bbc3237bedcdb6504fd50368ab3e04d0410e52ec293f5b8"},
    {file = "uvloop-0.19.0-cp310-cp310-manylinux_2_17_x86_64.manylinux2014_x86_64.whl", hash = "sha256:5a05128d315e2912791de6088c34136bfcdd0c7cbc1cf85fd6fd1bb321b7c849"},
    {file = "uvloop-0.19.0-cp310-cp310-musllinux_1_1_aarch64.whl", hash = "sha256:cd81bdc2b8219cb4b2556eea39d2e36bfa375a2dd021404f90a62e44efaaf957"},
    {file = "uvloop-0.19.0-cp310-cp310-musllinux_1_1_x86_64.whl", hash = "sha256:5f17766fb6da94135526273080f3455a112f82570b2ee5daa64d682387fe0dcd"},
    {file = "uvloop-0.19.0-cp311-cp311-macosx_10_9_universal2.whl", hash = "sha256:4ce6b0af8f2729a02a5d1575feacb2a94fc7b2e983868b009d51c9a9d2149bef"},
    {file = "uvloop-0.19.0-cp311-cp311-macosx_10_9_x86_64.whl", hash = "sha256:31e672bb38b45abc4f26e273be83b72a0d28d074d5b370fc4dcf4c4eb15417d2"},
    {file = "uvloop-0.19.0-cp311-cp311-manylinux_2_17_aarch64.manylinux2014_aarch64.whl", hash = "sha256:570fc0ed613883d8d30ee40397b79207eedd2624891692471808a95069a007c1"},
    {file = "uvloop-0.19.0-cp311-cp311-manylinux_2_17_x86_64.manylinux2014_x86_64.whl", hash = "sha256:5138821e40b0c3e6c9478643b4660bd44372ae1e16a322b8fc07478f92684e24"},
    {file = "uvloop-0.19.0-cp311-cp311-musllinux_1_1_aarch64.whl", hash = "sha256:91ab01c6cd00e39cde50173ba4ec68a1e578fee9279ba64f5221810a9e786533"},
    {file = "uvloop-0.19.0-cp311-cp311-musllinux_1_1_x86_64.whl", hash = "sha256:47bf3e9312f63684efe283f7342afb414eea4d3011542155c7e625cd799c3b12"},
    {file = "uvloop-0.19.0-cp312-cp312-macosx_10_9_universal2.whl", hash = "sha256:da8435a3bd498419ee8c13c34b89b5005130a476bda1d6ca8cfdde3de35cd650"},
    {file = "uvloop-0.19.0-cp312-cp312-macosx_10_9_x86_64.whl", hash = "sha256:02506dc23a5d90e04d4f65c7791e65cf44bd91b37f24cfc3ef6cf2aff05dc7ec"},
    {file = "uvloop-0.19.0-cp312-cp312-manylinux_2_17_aarch64.manylinux2014_aarch64.whl", hash = "sha256:2693049be9d36fef81741fddb3f441673ba12a34a704e7b4361efb75cf30befc"},
    {file = "uvloop-0.19.0-cp312-cp312-manylinux_2_17_x86_64.manylinux2014_x86_64.whl", hash = "sha256:7010271303961c6f0fe37731004335401eb9075a12680738731e9c92ddd96ad6"},
    {file = "uvloop-0.19.0-cp312-cp312-musllinux_1_1_aarch64.whl", hash = "sha256:5daa304d2161d2918fa9a17d5635099a2f78ae5b5960e742b2fcfbb7aefaa593"},
    {file = "uvloop-0.19.0-cp312-cp312-musllinux_1_1_x86_64.whl", hash = "sha256:7207272c9520203fea9b93843bb775d03e1cf88a80a936ce760f60bb5add92f3"},
    {file = "uvloop-0.19.0-cp38-cp38-macosx_10_9_universal2.whl", hash = "sha256:78ab247f0b5671cc887c31d33f9b3abfb88d2614b84e4303f1a63b46c046c8bd"},
    {file = "uvloop-0.19.0-cp38-cp38-macosx_10_9_x86_64.whl", hash = "sha256:472d61143059c84947aa8bb74eabbace30d577a03a1805b77933d6bd13ddebbd"},
    {file = "uvloop-0.19.0-cp38-cp38-manylinux_2_17_aarch64.manylinux2014_aarch64.whl", hash = "sha256:45bf4c24c19fb8a50902ae37c5de50da81de4922af65baf760f7c0c42e1088be"},
    {file = "uvloop-0.19.0-cp38-cp38-manylinux_2_17_x86_64.manylinux2014_x86_64.whl", hash = "sha256:271718e26b3e17906b28b67314c45d19106112067205119dddbd834c2b7ce797"},
    {file = "uvloop-0.19.0-cp38-cp38-musllinux_1_1_aarch64.whl", hash = "sha256:34175c9fd2a4bc3adc1380e1261f60306344e3407c20a4d684fd5f3be010fa3d"},
    {file = "uvloop-0.19.0-cp38-cp38-musllinux_1_1_x86_64.whl", hash = "sha256:e27f100e1ff17f6feeb1f33968bc185bf8ce41ca557deee9d9bbbffeb72030b7"},
    {file = "uvloop-0.19.0-cp39-cp39-macosx_10_9_universal2.whl", hash = "sha256:13dfdf492af0aa0a0edf66807d2b465607d11c4fa48f4a1fd41cbea5b18e8e8b"},
    {file = "uvloop-0.19.0-cp39-cp39-macosx_10_9_x86_64.whl", hash = "sha256:6e3d4e85ac060e2342ff85e90d0c04157acb210b9ce508e784a944f852a40e67"},
    {file = "uvloop-0.19.0-cp39-cp39-manylinux_2_17_aarch64.manylinux2014_aarch64.whl", hash = "sha256:8ca4956c9ab567d87d59d49fa3704cf29e37109ad348f2d5223c9bf761a332e7"},
    {file = "uvloop-0.19.0-cp39-cp39-manylinux_2_17_x86_64.manylinux2014_x86_64.whl", hash = "sha256:f467a5fd23b4fc43ed86342641f3936a68ded707f4627622fa3f82a120e18256"},
    {file = "uvloop-0.19.0-cp39-cp39-musllinux_1_1_aarch64.whl", hash = "sha256:492e2c32c2af3f971473bc22f086513cedfc66a130756145a931a90c3958cb17"},
    {file = "uvloop-0.19.0-cp39-cp39-musllinux_1_1_x86_64.whl", hash = "sha256:2df95fca285a9f5bfe730e51945ffe2fa71ccbfdde3b0da5772b4ee4f2e770d5"},
    {file = "uvloop-0.19.0.tar.gz", hash = "sha256:0246f4fd1bf2bf702e06b0d45ee91677ee5c31242f39aab4ea6fe0c51aedd0fd"},
]

[package.extras]
docs = ["Sphinx (>=4.1.2,<4.2.0)", "sphinx-rtd-theme (>=0.5.2,<0.6.0)", "sphinxcontrib-asyncio (>=0.3.0,<0.4.0)"]
test = ["Cython (>=0.29.36,<0.30.0)", "aiohttp (==3.9.0b0)", "aiohttp (>=3.8.1)", "flake8 (>=5.0,<6.0)", "mypy (>=0.800)", "psutil", "pyOpenSSL (>=23.0.0,<23.1.0)", "pycodestyle (>=2.9.0,<2.10.0)"]

[[package]]
name = "watchdog"
version = "4.0.0"
description = "Filesystem events monitoring"
optional = false
python-versions = ">=3.8"
files = [
    {file = "watchdog-4.0.0-cp310-cp310-macosx_10_9_universal2.whl", hash = "sha256:39cb34b1f1afbf23e9562501673e7146777efe95da24fab5707b88f7fb11649b"},
    {file = "watchdog-4.0.0-cp310-cp310-macosx_10_9_x86_64.whl", hash = "sha256:c522392acc5e962bcac3b22b9592493ffd06d1fc5d755954e6be9f4990de932b"},
    {file = "watchdog-4.0.0-cp310-cp310-macosx_11_0_arm64.whl", hash = "sha256:6c47bdd680009b11c9ac382163e05ca43baf4127954c5f6d0250e7d772d2b80c"},
    {file = "watchdog-4.0.0-cp311-cp311-macosx_10_9_universal2.whl", hash = "sha256:8350d4055505412a426b6ad8c521bc7d367d1637a762c70fdd93a3a0d595990b"},
    {file = "watchdog-4.0.0-cp311-cp311-macosx_10_9_x86_64.whl", hash = "sha256:c17d98799f32e3f55f181f19dd2021d762eb38fdd381b4a748b9f5a36738e935"},
    {file = "watchdog-4.0.0-cp311-cp311-macosx_11_0_arm64.whl", hash = "sha256:4986db5e8880b0e6b7cd52ba36255d4793bf5cdc95bd6264806c233173b1ec0b"},
    {file = "watchdog-4.0.0-cp312-cp312-macosx_10_9_universal2.whl", hash = "sha256:11e12fafb13372e18ca1bbf12d50f593e7280646687463dd47730fd4f4d5d257"},
    {file = "watchdog-4.0.0-cp312-cp312-macosx_10_9_x86_64.whl", hash = "sha256:5369136a6474678e02426bd984466343924d1df8e2fd94a9b443cb7e3aa20d19"},
    {file = "watchdog-4.0.0-cp312-cp312-macosx_11_0_arm64.whl", hash = "sha256:76ad8484379695f3fe46228962017a7e1337e9acadafed67eb20aabb175df98b"},
    {file = "watchdog-4.0.0-cp38-cp38-macosx_10_9_universal2.whl", hash = "sha256:45cc09cc4c3b43fb10b59ef4d07318d9a3ecdbff03abd2e36e77b6dd9f9a5c85"},
    {file = "watchdog-4.0.0-cp38-cp38-macosx_10_9_x86_64.whl", hash = "sha256:eed82cdf79cd7f0232e2fdc1ad05b06a5e102a43e331f7d041e5f0e0a34a51c4"},
    {file = "watchdog-4.0.0-cp38-cp38-macosx_11_0_arm64.whl", hash = "sha256:ba30a896166f0fee83183cec913298151b73164160d965af2e93a20bbd2ab605"},
    {file = "watchdog-4.0.0-cp39-cp39-macosx_10_9_universal2.whl", hash = "sha256:d18d7f18a47de6863cd480734613502904611730f8def45fc52a5d97503e5101"},
    {file = "watchdog-4.0.0-cp39-cp39-macosx_10_9_x86_64.whl", hash = "sha256:2895bf0518361a9728773083908801a376743bcc37dfa252b801af8fd281b1ca"},
    {file = "watchdog-4.0.0-cp39-cp39-macosx_11_0_arm64.whl", hash = "sha256:87e9df830022488e235dd601478c15ad73a0389628588ba0b028cb74eb72fed8"},
    {file = "watchdog-4.0.0-pp310-pypy310_pp73-macosx_10_9_x86_64.whl", hash = "sha256:6e949a8a94186bced05b6508faa61b7adacc911115664ccb1923b9ad1f1ccf7b"},
    {file = "watchdog-4.0.0-pp38-pypy38_pp73-macosx_10_9_x86_64.whl", hash = "sha256:6a4db54edea37d1058b08947c789a2354ee02972ed5d1e0dca9b0b820f4c7f92"},
    {file = "watchdog-4.0.0-pp39-pypy39_pp73-macosx_10_9_x86_64.whl", hash = "sha256:d31481ccf4694a8416b681544c23bd271f5a123162ab603c7d7d2dd7dd901a07"},
    {file = "watchdog-4.0.0-py3-none-manylinux2014_aarch64.whl", hash = "sha256:8fec441f5adcf81dd240a5fe78e3d83767999771630b5ddfc5867827a34fa3d3"},
    {file = "watchdog-4.0.0-py3-none-manylinux2014_armv7l.whl", hash = "sha256:6a9c71a0b02985b4b0b6d14b875a6c86ddea2fdbebd0c9a720a806a8bbffc69f"},
    {file = "watchdog-4.0.0-py3-none-manylinux2014_i686.whl", hash = "sha256:557ba04c816d23ce98a06e70af6abaa0485f6d94994ec78a42b05d1c03dcbd50"},
    {file = "watchdog-4.0.0-py3-none-manylinux2014_ppc64.whl", hash = "sha256:d0f9bd1fd919134d459d8abf954f63886745f4660ef66480b9d753a7c9d40927"},
    {file = "watchdog-4.0.0-py3-none-manylinux2014_ppc64le.whl", hash = "sha256:f9b2fdca47dc855516b2d66eef3c39f2672cbf7e7a42e7e67ad2cbfcd6ba107d"},
    {file = "watchdog-4.0.0-py3-none-manylinux2014_s390x.whl", hash = "sha256:73c7a935e62033bd5e8f0da33a4dcb763da2361921a69a5a95aaf6c93aa03a87"},
    {file = "watchdog-4.0.0-py3-none-manylinux2014_x86_64.whl", hash = "sha256:6a80d5cae8c265842c7419c560b9961561556c4361b297b4c431903f8c33b269"},
    {file = "watchdog-4.0.0-py3-none-win32.whl", hash = "sha256:8f9a542c979df62098ae9c58b19e03ad3df1c9d8c6895d96c0d51da17b243b1c"},
    {file = "watchdog-4.0.0-py3-none-win_amd64.whl", hash = "sha256:f970663fa4f7e80401a7b0cbeec00fa801bf0287d93d48368fc3e6fa32716245"},
    {file = "watchdog-4.0.0-py3-none-win_ia64.whl", hash = "sha256:9a03e16e55465177d416699331b0f3564138f1807ecc5f2de9d55d8f188d08c7"},
    {file = "watchdog-4.0.0.tar.gz", hash = "sha256:e3e7065cbdabe6183ab82199d7a4f6b3ba0a438c5a512a68559846ccb76a78ec"},
]

[package.extras]
watchmedo = ["PyYAML (>=3.10)"]

[[package]]
name = "yappi"
version = "1.6.0"
description = "Yet Another Python Profiler"
optional = false
python-versions = ">=3.6"
files = [
    {file = "yappi-1.6.0-cp310-cp310-macosx_10_9_x86_64.whl", hash = "sha256:c7c22bb39d3f2f294766f4940848d11b8ad1c43f9cf0a594ed695b07016007fc"},
    {file = "yappi-1.6.0-cp310-cp310-manylinux_2_5_i686.manylinux1_i686.manylinux_2_17_i686.manylinux2014_i686.whl", hash = "sha256:084688828c0a8c181ebe59bbf15dcd5a5db2f689eada59d5c277b997c4dccf43"},
    {file = "yappi-1.6.0-cp310-cp310-manylinux_2_5_x86_64.manylinux1_x86_64.manylinux_2_17_x86_64.manylinux2014_x86_64.whl", hash = "sha256:23c668e9ce87d70b126f73970cff997a2ab1964b947859ee50580af23964a096"},
    {file = "yappi-1.6.0-cp310-cp310-musllinux_1_1_i686.whl", hash = "sha256:d4c7c5de3ae439c53c6c6c98d30d4b063c6fc353428ba3d81b57d91f1c41f654"},
    {file = "yappi-1.6.0-cp310-cp310-musllinux_1_1_x86_64.whl", hash = "sha256:830ffb677b7a9f9886bc7789e9cb75d5b3ad9af5f43d56d48e56431f92f04bcc"},
    {file = "yappi-1.6.0-cp310-cp310-win32.whl", hash = "sha256:b42f7934fe96fd330488f9def51dd8e2fecc5cc9a71dceab8a27a41406b31332"},
    {file = "yappi-1.6.0-cp310-cp310-win_amd64.whl", hash = "sha256:1cd7453e99ebf56491254b0f4c28ae95c5e0ce55043eb17d1ab02c974cbd7416"},
    {file = "yappi-1.6.0-cp311-cp311-macosx_10_9_x86_64.whl", hash = "sha256:e9bc33b8ec9bce8b2575a4c3878b3cd223d08eb728669924699e5ac937e7b515"},
    {file = "yappi-1.6.0-cp311-cp311-manylinux_2_5_i686.manylinux1_i686.manylinux_2_17_i686.manylinux2014_i686.whl", hash = "sha256:a1cb70d46827a137350fb84b8fddecd7acec0a11834c763209875788b738f873"},
    {file = "yappi-1.6.0-cp311-cp311-manylinux_2_5_x86_64.manylinux1_x86_64.manylinux_2_17_x86_64.manylinux2014_x86_64.whl", hash = "sha256:a2cefe387bc747afcf0b26c9548e242113e17fac3de2674d900e97eb58a328f6"},
    {file = "yappi-1.6.0-cp311-cp311-musllinux_1_1_i686.whl", hash = "sha256:acfbf4c80b6ee0513ad35a6e4a1f633aa2f93357517f9701aed6ad8cd56544d4"},
    {file = "yappi-1.6.0-cp311-cp311-musllinux_1_1_x86_64.whl", hash = "sha256:e4959c1dcfb6da8441d05915bfbb9c697e9f11655568f65b87c341e543bd65d5"},
    {file = "yappi-1.6.0-cp311-cp311-win32.whl", hash = "sha256:88dee431bba79866692f444110695133181efb2a6969ab63752f4424787f79c8"},
    {file = "yappi-1.6.0-cp311-cp311-win_amd64.whl", hash = "sha256:8ddbe1475964f145b028f8bf120a58903d8f6c7bdd1be0a16c1471ba2d8646ca"},
    {file = "yappi-1.6.0-cp312-cp312-macosx_10_9_x86_64.whl", hash = "sha256:1ba7d12c18bc0d092463ad126a95a1b2b8c261c47b0e3bd4cb2fd7479469141c"},
    {file = "yappi-1.6.0-cp312-cp312-manylinux_2_5_i686.manylinux1_i686.manylinux_2_17_i686.manylinux2014_i686.whl", hash = "sha256:fb5bbb4c6b996736554cb8f41e7fb6d5ee6096b7c4f54112cce8cf953a92c0a4"},
    {file = "yappi-1.6.0-cp312-cp312-manylinux_2_5_x86_64.manylinux1_x86_64.manylinux_2_17_x86_64.manylinux2014_x86_64.whl", hash = "sha256:c12da5f310d81779056566259fef644a9c14ac1ec9a2b1b8a3fc62beb4ca6980"},
    {file = "yappi-1.6.0-cp312-cp312-musllinux_1_1_i686.whl", hash = "sha256:677d992c41b239441eee399ac39ea7601010ddb5acb92bf997de7589f9ee2cc1"},
    {file = "yappi-1.6.0-cp312-cp312-musllinux_1_1_x86_64.whl", hash = "sha256:d58e60aac43041d109f0931917204ef02ac01004b9579fe173f2847fbc69655b"},
    {file = "yappi-1.6.0-cp312-cp312-win32.whl", hash = "sha256:a6797f189b7b89154d6c7c53ac769a22f0adb7bd88ea5b8f6c65106a286afad6"},
    {file = "yappi-1.6.0-cp312-cp312-win_amd64.whl", hash = "sha256:cdaa263ba667aac9bf7bdc0d96fd10e2761a287f01fe87dc136f064ab7696af3"},
    {file = "yappi-1.6.0-cp36-cp36m-macosx_10_9_x86_64.whl", hash = "sha256:819c43539f55a9f40118ab8b3ce7cb743d66f3af63c7ce984c114533f750b263"},
    {file = "yappi-1.6.0-cp36-cp36m-manylinux_2_5_i686.manylinux1_i686.manylinux_2_17_i686.manylinux2014_i686.whl", hash = "sha256:d1a8be1f55875e2120d7cddcb7e98c77a79ed87715d6292874c782fcd7da2c50"},
    {file = "yappi-1.6.0-cp36-cp36m-manylinux_2_5_x86_64.manylinux1_x86_64.manylinux_2_17_x86_64.manylinux2014_x86_64.whl", hash = "sha256:f0f82e4895d04d6fd7bed2bea0abcc84271bdd990371cb053132753b6f5afb73"},
    {file = "yappi-1.6.0-cp36-cp36m-musllinux_1_1_i686.whl", hash = "sha256:1fd7d2da3e32f3d029220356e9b5b24754a7cd708d6e3830405e3dc04ec74153"},
    {file = "yappi-1.6.0-cp36-cp36m-musllinux_1_1_x86_64.whl", hash = "sha256:2c7c2c9048b2f9fbd5da9cc65bdad73571023a30b5c34f62d97d9a7d47cbe9f5"},
    {file = "yappi-1.6.0-cp36-cp36m-win32.whl", hash = "sha256:d9f6ac7cd8797850bb6fb4cef8364ed34051be6f47d7da74be3a9261eef4bbfb"},
    {file = "yappi-1.6.0-cp36-cp36m-win_amd64.whl", hash = "sha256:6a16dd3fb61cfa7ffeb287312ddfe2a5c61a53693b009d3a7a3f1b8affb9568a"},
    {file = "yappi-1.6.0-cp37-cp37m-macosx_10_9_x86_64.whl", hash = "sha256:638bd2458a6dfaa278e8977a8fdf44c8626003c12d8c94d82338ef8aa6ac245f"},
    {file = "yappi-1.6.0-cp37-cp37m-manylinux_2_5_i686.manylinux1_i686.manylinux_2_17_i686.manylinux2014_i686.whl", hash = "sha256:30d294a88baffc3cb13a66fe408ecf8973c927fb3498f327df5af7cc657cdc80"},
    {file = "yappi-1.6.0-cp37-cp37m-manylinux_2_5_x86_64.manylinux1_x86_64.manylinux_2_17_x86_64.manylinux2014_x86_64.whl", hash = "sha256:d49f972a8901972b104a2b65953ae8cbe005d5c09e0974422195bb780b2c5001"},
    {file = "yappi-1.6.0-cp37-cp37m-musllinux_1_1_i686.whl", hash = "sha256:e40a872d146ddddae337181f8808aa6c3b37ffa66bd38a18f009b9e2f2c08b99"},
    {file = "yappi-1.6.0-cp37-cp37m-musllinux_1_1_x86_64.whl", hash = "sha256:31050972159a026876a06b5eec97f2dbaaaa291ebf3cf07a0d5506cce37ef339"},
    {file = "yappi-1.6.0-cp37-cp37m-win32.whl", hash = "sha256:36278de1ecf3a781322fb5f9511abc0b66bff327ca87a9e868dc2e376ad1b11a"},
    {file = "yappi-1.6.0-cp37-cp37m-win_amd64.whl", hash = "sha256:ef61f5fed7c19dddad5b7565df5b7bdfa861d51c15b01a90d283c4d3c97c42e2"},
    {file = "yappi-1.6.0-cp38-cp38-macosx_10_9_x86_64.whl", hash = "sha256:e33c097402e101a51f9963654108e7625853ddc979b562e8381f761cce99ae13"},
    {file = "yappi-1.6.0-cp38-cp38-manylinux_2_5_i686.manylinux1_i686.manylinux_2_17_i686.manylinux2014_i686.whl", hash = "sha256:a9ea8dada24af41c11059f70741d8fce707aaf6862a9306f2ab63bde35f0ce9e"},
    {file = "yappi-1.6.0-cp38-cp38-manylinux_2_5_x86_64.manylinux1_x86_64.manylinux_2_17_x86_64.manylinux2014_x86_64.whl", hash = "sha256:e37817722a052632de21674ec8acf59645c08df786920362879a76493037c99e"},
    {file = "yappi-1.6.0-cp38-cp38-musllinux_1_1_i686.whl", hash = "sha256:72aff63e74b87ffbf121211246922df9ac5dffc8deabdc6964f5b7f399799d0a"},
    {file = "yappi-1.6.0-cp38-cp38-musllinux_1_1_x86_64.whl", hash = "sha256:8a3c970f43f6d9bbc7159b535fbef492cb21576c094e77a673362ad827d9e00a"},
    {file = "yappi-1.6.0-cp38-cp38-win32.whl", hash = "sha256:69a4aced8c86bcc91fbecc3924ca9bd0a91ed715531c8a039199ef325ebb7046"},
    {file = "yappi-1.6.0-cp38-cp38-win_amd64.whl", hash = "sha256:93352217bf560bea09b1cb43a17361bd2d41864698fa7ae46ce1066266c1af76"},
    {file = "yappi-1.6.0-cp39-cp39-macosx_10_9_x86_64.whl", hash = "sha256:6678f046e6bffc68ef2d7781f9fc90b932ca6e90ea966371318ed904c4c38b8d"},
    {file = "yappi-1.6.0-cp39-cp39-manylinux_2_5_i686.manylinux1_i686.manylinux_2_17_i686.manylinux2014_i686.whl", hash = "sha256:b2f8f0877e3b85b6d2074d2fb541085cd519481f3df9c7e7011fc3867c364c7e"},
    {file = "yappi-1.6.0-cp39-cp39-manylinux_2_5_x86_64.manylinux1_x86_64.manylinux_2_17_x86_64.manylinux2014_x86_64.whl", hash = "sha256:4ae77cfe71682beec6f15ddd6dfb5912436c489b38eb2c3355f4481c07b9c4bf"},
    {file = "yappi-1.6.0-cp39-cp39-musllinux_1_1_i686.whl", hash = "sha256:237b1ac310ef364db6d2a1817de93a346d1ed98abfa3053810dbbdcab9ca9300"},
    {file = "yappi-1.6.0-cp39-cp39-musllinux_1_1_x86_64.whl", hash = "sha256:474e9f3ba9394c19dd2f7dc257123e3918c178638597d507ee2094f19d938a39"},
    {file = "yappi-1.6.0-cp39-cp39-win32.whl", hash = "sha256:a69ce9d7acc71419092f158ab4851d982e90ecbffbe6abf7d95516f3f741b57f"},
    {file = "yappi-1.6.0-cp39-cp39-win_amd64.whl", hash = "sha256:e6ec9eabc974f9df868faa67461a9d167e9612083f59338f755f4aa61a2552b7"},
    {file = "yappi-1.6.0.tar.gz", hash = "sha256:a9aaf72009d8c03067294151ee0470ac7a6dfa7b33baab40b198d6c1ef00430a"},
]

[package.extras]
test = ["gevent (>=20.6.2)"]

[metadata]
lock-version = "2.0"
python-versions = "^3.12"
content-hash = "2d6fd342dbbc7133cd89079a68c6a67cc4408e1c4e9c1da3e3176c0028c19375"
